
Microsoft Visual Studio Solution File, Format Version 12.00
# Visual Studio Version 17
VisualStudioVersion = 17.5.002.0
MinimumVisualStudioVersion = 10.0.40219.1
Project("{9A19103F-16F7-4668-BE54-9A1E7A4F7556}") = "SkCli", "SkCli\SkCli.csproj", "{ABD797E5-1DEF-4F6D-8788-CCB9ED377183}"
EndProject
Global
	GlobalSection(SolutionConfigurationPlatforms) = preSolution
		Debug|Any CPU = Debug|Any CPU
		Release|Any CPU = Release|Any CPU
	EndGlobalSection
	GlobalSection(ProjectConfigurationPlatforms) = postSolution
		{ABD797E5-1DEF-4F6D-8788-CCB9ED377183}.Debug|Any CPU.ActiveCfg = Debug|Any CPU
		{ABD797E5-1DEF-4F6D-8788-CCB9ED377183}.Debug|Any CPU.Build.0 = Debug|Any CPU
		{ABD797E5-1DEF-4F6D-8788-CCB9ED377183}.Release|Any CPU.ActiveCfg = Release|Any CPU
		{ABD797E5-1DEF-4F6D-8788-CCB9ED377183}.Release|Any CPU.Build.0 = Release|Any CPU
	EndGlobalSection
	GlobalSection(SolutionProperties) = preSolution
		HideSolutionNode = FALSE
	EndGlobalSection
	GlobalSection(ExtensibilityGlobals) = postSolution
		SolutionGuid = {6BF8013F-D087-402A-B82D-3B0F86C3E8E3}
	EndGlobalSection
EndGlobal
